
Microsoft Visual Studio Solution File, Format Version 12.00
# Visual Studio Version 17
VisualStudioVersion = 17.4.33205.214
MinimumVisualStudioVersion = 10.0.40219.1
Project("{FAE04EC0-301F-11D3-BF4B-00C04F79EFBC}") = "WinIPProxy", "WinIPProxy.csproj", "{EDFC53B0-DB82-4299-9B5B-234303A13357}"
EndProject
Global
	GlobalSection(SolutionConfigurationPlatforms) = preSolution
		Debug|Any CPU = Debug|Any CPU
		Release|Any CPU = Release|Any CPU
	EndGlobalSection
	GlobalSection(ProjectConfigurationPlatforms) = postSolution
		{EDFC53B0-DB82-4299-9B5B-234303A13357}.Debug|Any CPU.ActiveCfg = Debug|Any CPU
		{EDFC53B0-DB82-4299-9B5B-234303A13357}.Debug|Any CPU.Build.0 = Debug|Any CPU
		{EDFC53B0-DB82-4299-9B5B-234303A13357}.Release|Any CPU.ActiveCfg = Release|Any CPU
		{EDFC53B0-DB82-4299-9B5B-234303A13357}.Release|Any CPU.Build.0 = Release|Any CPU
	EndGlobalSection
	GlobalSection(SolutionProperties) = preSolution
		HideSolutionNode = FALSE
	EndGlobalSection
	GlobalSection(ExtensibilityGlobals) = postSolution
		SolutionGuid = {B48B78ED-664E-4B71-A579-CDB8BCF0FA20}
	EndGlobalSection
EndGlobal
